
Microsoft Visual Studio Solution File, Format Version 11.00
# Visual Studio 2010
# SharpDevelop 4.4
Project("{FAE04EC0-301F-11D3-BF4B-00C04F79EFBC}") = "Trabajo_Practico_Algoritmos", "Trabajo_Practico_Algoritmos.csproj", "{A6F16ACD-C315-4E63-B8F0-AA2FF9583AB8}"
EndProject
Global
	GlobalSection(SolutionConfigurationPlatforms) = preSolution
		Debug|Any CPU = Debug|Any CPU
		Release|Any CPU = Release|Any CPU
	EndGlobalSection
	GlobalSection(ProjectConfigurationPlatforms) = postSolution
		{A6F16ACD-C315-4E63-B8F0-AA2FF9583AB8}.Debug|Any CPU.Build.0 = Debug|Any CPU
		{A6F16ACD-C315-4E63-B8F0-AA2FF9583AB8}.Debug|Any CPU.ActiveCfg = Debug|Any CPU
		{A6F16ACD-C315-4E63-B8F0-AA2FF9583AB8}.Release|Any CPU.Build.0 = Release|Any CPU
		{A6F16ACD-C315-4E63-B8F0-AA2FF9583AB8}.Release|Any CPU.ActiveCfg = Release|Any CPU
	EndGlobalSection
EndGlobal
